
Microsoft Visual Studio Solution File, Format Version 12.00
# Visual Studio 15
VisualStudioVersion = 15.0.27004.2010
MinimumVisualStudioVersion = 10.0.40219.1
Project("{9A19103F-16F7-4668-BE54-9A1E7A4F7556}") = "myApp", "myApp\myApp.csproj", "{FD0C510F-DD88-41DD-B852-6D282FE2D987}"
EndProject
Project("{9A19103F-16F7-4668-BE54-9A1E7A4F7556}") = "myLibrary", "myLibrary\myLibrary.csproj", "{43A6D365-3B5C-40CA-9194-1A11BCD9B81F}"
EndProject
Project("{FAE04EC0-301F-11D3-BF4B-00C04F79EFBC}") = "JDBHandlers", "JDBHandlers\JDBHandlers.csproj", "{C7790E85-3227-4A3B-A116-7BDE02601437}"
EndProject
Project("{FAE04EC0-301F-11D3-BF4B-00C04F79EFBC}") = "MyDBClientTestLibrary", "MyDBClientTestLibrary\MyDBClientTestLibrary.csproj", "{BC21FB99-2C1F-4C15-AB7D-E71EFEC943B9}"
EndProject
Global
	GlobalSection(SolutionConfigurationPlatforms) = preSolution
		Debug|Any CPU = Debug|Any CPU
		Release|Any CPU = Release|Any CPU
	EndGlobalSection
	GlobalSection(ProjectConfigurationPlatforms) = postSolution
		{FD0C510F-DD88-41DD-B852-6D282FE2D987}.Debug|Any CPU.ActiveCfg = Debug|Any CPU
		{FD0C510F-DD88-41DD-B852-6D282FE2D987}.Debug|Any CPU.Build.0 = Debug|Any CPU
		{FD0C510F-DD88-41DD-B852-6D282FE2D987}.Release|Any CPU.ActiveCfg = Release|Any CPU
		{FD0C510F-DD88-41DD-B852-6D282FE2D987}.Release|Any CPU.Build.0 = Release|Any CPU
		{43A6D365-3B5C-40CA-9194-1A11BCD9B81F}.Debug|Any CPU.ActiveCfg = Debug|Any CPU
		{43A6D365-3B5C-40CA-9194-1A11BCD9B81F}.Debug|Any CPU.Build.0 = Debug|Any CPU
		{43A6D365-3B5C-40CA-9194-1A11BCD9B81F}.Release|Any CPU.ActiveCfg = Release|Any CPU
		{43A6D365-3B5C-40CA-9194-1A11BCD9B81F}.Release|Any CPU.Build.0 = Release|Any CPU
		{C7790E85-3227-4A3B-A116-7BDE02601437}.Debug|Any CPU.ActiveCfg = Debug|Any CPU
		{C7790E85-3227-4A3B-A116-7BDE02601437}.Debug|Any CPU.Build.0 = Debug|Any CPU
		{C7790E85-3227-4A3B-A116-7BDE02601437}.Release|Any CPU.ActiveCfg = Release|Any CPU
		{C7790E85-3227-4A3B-A116-7BDE02601437}.Release|Any CPU.Build.0 = Release|Any CPU
		{BC21FB99-2C1F-4C15-AB7D-E71EFEC943B9}.Debug|Any CPU.ActiveCfg = Debug|Any CPU
		{BC21FB99-2C1F-4C15-AB7D-E71EFEC943B9}.Debug|Any CPU.Build.0 = Debug|Any CPU
		{BC21FB99-2C1F-4C15-AB7D-E71EFEC943B9}.Release|Any CPU.ActiveCfg = Release|Any CPU
		{BC21FB99-2C1F-4C15-AB7D-E71EFEC943B9}.Release|Any CPU.Build.0 = Release|Any CPU
	EndGlobalSection
	GlobalSection(SolutionProperties) = preSolution
		HideSolutionNode = FALSE
	EndGlobalSection
	GlobalSection(ExtensibilityGlobals) = postSolution
		SolutionGuid = {8F430151-5F15-49F1-A681-99CB91CAABC6}
	EndGlobalSection
EndGlobal
